{
  "name": "workspace",
  "lockfileVersion": 3,
  "requires": true,
  "packages": {
    "": {
      "dependencies": {
        "@mtfe/mtsso-auth-official": "^1.0.10",
        "fast-xml-parser": "^5.10.0",
        "sqlite3": "^6.0.1",
        "xml2js": "^0.6.2"
      }
    },
    "node_modules/@isaacs/fs-minipass": {
      "version": "4.0.1",
      "resolved": "http://r.npm.sankuai.com/@isaacs/fs-minipass/download/@isaacs/fs-minipass-4.0.1.tgz",
      "integrity": "sha1-LVmuOrSzj7QnC/oj0w+OLobH/jI=",
      "license": "ISC",
      "dependencies": {
        "minipass": "^7.0.4"
      },
      "engines": {
        "node": ">=18.0.0"
      }
    },
    "node_modules/@mtfe/mtsso-auth-official": {
      "version": "1.0.10",
      "resolved": "http://r.npm.sankuai.com/@mtfe/mtsso-auth-official/download/@mtfe/mtsso-auth-official-1.0.10.tgz",
      "integrity": "sha1-YUu12JCIHOEnZH7LGSoiqyaYOVs=",
      "license": "UNLICENSED",
      "dependencies": {
        "wscat": "^6.1.0"
      },
      "bin": {
        "mtsso-agent-info-register": "dist/scripts/agent_info_register.js",
        "mtsso-client-credentials": "dist/scripts/client_credentials.js",
        "mtsso-introspect-token": "dist/scripts/introspect_token.js",
        "mtsso-moa-feature-probe": "dist/scripts/moa_feature_probe.js",
        "mtsso-moa-local-exchange": "dist/scripts/moa_local_exchange.js",
        "mtsso-token-exchange": "dist/scripts/token_exchange.js"
      },
      "engines": {
        "node": ">=20"
      }
    },
    "node_modules/@nodable/entities": {
      "version": "2.2.0",
      "resolved": "http://r.npm.sankuai.com/@nodable/entities/download/@nodable/entities-2.2.0.tgz",
      "integrity": "sha1-odRamSsCJZGxwrA6d5Nck5N1tkI=",
      "funding": [
        {
          "type": "github",
          "url": "https://github.com/sponsors/nodable"
        }
      ],
      "license": "MIT"
    },
    "node_modules/abbrev": {
      "version": "4.0.0",
      "resolved": "http://r.npm.sankuai.com/abbrev/download/abbrev-4.0.0.tgz",
      "integrity": "sha1-7JM/Die2zWDom1xrKjBK9CIJuwU=",
      "license": "ISC",
      "optional": true,
      "engines": {
        "node": "^20.17.0 || >=22.9.0"
      }
    },
    "node_modules/agent-base": {
      "version": "7.1.4",
      "resolved": "http://r.npm.sankuai.com/agent-base/download/agent-base-7.1.4.tgz",
      "integrity": "sha1-48121MVI7oldPD/Y3B9sW5Ay56g=",
      "license": "MIT",
      "engines": {
        "node": ">= 14"
      }
    },
    "node_modules/anynum": {
      "version": "1.0.1",
      "resolved": "http://r.npm.sankuai.com/anynum/download/anynum-1.0.1.tgz",
      "integrity": "sha1-KqwA4I3603JsHUYuYNvC+DFlmkQ=",
      "funding": [
        {
          "type": "github",
          "url": "https://github.com/sponsors/NaturalIntelligence"
        }
      ],
      "license": "MIT"
    },
    "node_modules/base64-js": {
      "version": "1.5.1",
      "resolved": "http://r.npm.sankuai.com/base64-js/download/base64-js-1.5.1.tgz",
      "integrity": "sha1-GxtEAWClv3rUC2UPCVljSBkDkwo=",
      "funding": [
        {
          "type": "github",
          "url": "https://github.com/sponsors/feross"
        },
        {
          "type": "patreon",
          "url": "https://www.patreon.com/feross"
        },
        {
          "type": "consulting",
          "url": "https://feross.org/support"
        }
      ],
      "license": "MIT"
    },
    "node_modules/bindings": {
      "version": "1.5.0",
      "resolved": "http://r.npm.sankuai.com/bindings/download/bindings-1.5.0.tgz",
      "integrity": "sha1-EDU8npRTNLwFEabZCzj7x8nFBN8=",
      "license": "MIT",
      "dependencies": {
        "file-uri-to-path": "1.0.0"
      }
    },
    "node_modules/bl": {
      "version": "4.1.0",
      "resolved": "http://r.npm.sankuai.com/bl/download/bl-4.1.0.tgz",
      "integrity": "sha1-RRU1JkGCvsL7vIOmKrmM8R2fezo=",
      "license": "MIT",
      "dependencies": {
        "buffer": "^5.5.0",
        "inherits": "^2.0.4",
        "readable-stream": "^3.4.0"
      }
    },
    "node_modules/buffer": {
      "version": "5.7.1",
      "resolved": "http://r.npm.sankuai.com/buffer/download/buffer-5.7.1.tgz",
      "integrity": "sha1-umLnwTEzBTWCGXFghRqPZI6Z7tA=",
      "funding": [
        {
          "type": "github",
          "url": "https://github.com/sponsors/feross"
        },
        {
          "type": "patreon",
          "url": "https://www.patreon.com/feross"
        },
        {
          "type": "consulting",
          "url": "https://feross.org/support"
        }
      ],
      "license": "MIT",
      "dependencies": {
        "base64-js": "^1.3.1",
        "ieee754": "^1.1.13"
      }
    },
    "node_modules/chownr": {
      "version": "3.0.0",
      "resolved": "http://r.npm.sankuai.com/chownr/download/chownr-3.0.0.tgz",
      "integrity": "sha1-mFXmTs0kCpzEJnzopKpdJKHaFeQ=",
      "license": "BlueOak-1.0.0",
      "engines": {
        "node": ">=18"
      }
    },
    "node_modules/commander": {
      "version": "12.1.0",
      "resolved": "http://r.npm.sankuai.com/commander/download/commander-12.1.0.tgz",
      "integrity": "sha1-AUI7NvUBJZ/arE0OTWDJbJkVhdM=",
      "license": "MIT",
      "engines": {
        "node": ">=18"
      }
    },
    "node_modules/debug": {
      "version": "4.4.3",
      "resolved": "http://r.npm.sankuai.com/debug/download/debug-4.4.3.tgz",
      "integrity": "sha1-xq5DLZvZZiWC/OCHCbA4xY6ePWo=",
      "license": "MIT",
      "dependencies": {
        "ms": "^2.1.3"
      },
      "engines": {
        "node": ">=6.0"
      },
      "peerDependenciesMeta": {
        "supports-color": {
          "optional": true
        }
      }
    },
    "node_modules/decompress-response": {
      "version": "6.0.0",
      "resolved": "http://r.npm.sankuai.com/decompress-response/download/decompress-response-6.0.0.tgz",
      "integrity": "sha1-yjh2Et234QS9FthaqwDV7PCcZvw=",
      "license": "MIT",
      "dependencies": {
        "mimic-response": "^3.1.0"
      },
      "engines": {
        "node": ">=10"
      },
      "funding": {
        "url": "https://github.com/sponsors/sindresorhus"
      }
    },
    "node_modules/deep-extend": {
      "version": "0.6.0",
      "resolved": "http://r.npm.sankuai.com/deep-extend/download/deep-extend-0.6.0.tgz",
      "integrity": "sha1-xPp8lUBKF6nD6Mp+FTcxK3NjMKw=",
      "license": "MIT",
      "engines": {
        "node": ">=4.0.0"
      }
    },
    "node_modules/detect-libc": {
      "version": "2.1.2",
      "resolved": "http://r.npm.sankuai.com/detect-libc/download/detect-libc-2.1.2.tgz",
      "integrity": "sha1-aJxdzcGQDvVYOky59te0c3QgdK0=",
      "license": "Apache-2.0",
      "engines": {
        "node": ">=8"
      }
    },
    "node_modules/end-of-stream": {
      "version": "1.4.5",
      "resolved": "http://r.npm.sankuai.com/end-of-stream/download/end-of-stream-1.4.5.tgz",
      "integrity": "sha1-c0TXEd6kDgt0q8LtSXeHQ8ztsIw=",
      "license": "MIT",
      "dependencies": {
        "once": "^1.4.0"
      }
    },
    "node_modules/env-paths": {
      "version": "2.2.1",
      "resolved": "http://r.npm.sankuai.com/env-paths/download/env-paths-2.2.1.tgz",
      "integrity": "sha1-QgOZ1BbOH76bwKB8Yvpo1n/Q+PI=",
      "license": "MIT",
      "optional": true,
      "engines": {
        "node": ">=6"
      }
    },
    "node_modules/expand-template": {
      "version": "2.0.3",
      "resolved": "http://r.npm.sankuai.com/expand-template/download/expand-template-2.0.3.tgz",
      "integrity": "sha1-bhSz/O4POmNA7LV9LokYaSBSpHw=",
      "license": "(MIT OR WTFPL)",
      "engines": {
        "node": ">=6"
      }
    },
    "node_modules/exponential-backoff": {
      "version": "3.1.3",
      "resolved": "http://r.npm.sankuai.com/exponential-backoff/download/exponential-backoff-3.1.3.tgz",
      "integrity": "sha1-Uc+SwcBJPHZgU/nTq+5ENMJE0vY=",
      "license": "Apache-2.0",
      "optional": true
    },
    "node_modules/fast-xml-builder": {
      "version": "1.3.0",
      "resolved": "http://r.npm.sankuai.com/fast-xml-builder/download/fast-xml-builder-1.3.0.tgz",
      "integrity": "sha1-vISYBHlv5Hv5FQIt2Tmw/DC6RV0=",
      "funding": [
        {
          "type": "github",
          "url": "https://github.com/sponsors/NaturalIntelligence"
        }
      ],
      "license": "MIT",
      "dependencies": {
        "path-expression-matcher": "^1.6.2",
        "xml-naming": "^0.3.0"
      }
    },
    "node_modules/fast-xml-parser": {
      "version": "5.10.0",
      "resolved": "http://r.npm.sankuai.com/fast-xml-parser/download/fast-xml-parser-5.10.0.tgz",
      "integrity": "sha1-jQir/k1sUenFtR9Be5lIWNvttNc=",
      "funding": [
        {
          "type": "github",
          "url": "https://github.com/sponsors/NaturalIntelligence"
        }
      ],
      "license": "MIT",
      "dependencies": {
        "@nodable/entities": "^2.2.0",
        "fast-xml-builder": "^1.2.0",
        "is-unsafe": "^2.0.0",
        "path-expression-matcher": "^1.6.2",
        "strnum": "^2.4.1",
        "xml-naming": "^0.3.0"
      },
      "bin": {
        "fxparser": "src/cli/cli.js"
      }
    },
    "node_modules/fdir": {
      "version": "6.5.0",
      "resolved": "http://r.npm.sankuai.com/fdir/download/fdir-6.5.0.tgz",
      "integrity": "sha1-7Sq5Z6MxreYvGNB32uGSaE1Q01A=",
      "license": "MIT",
      "optional": true,
      "engines": {
        "node": ">=12.0.0"
      },
      "peerDependencies": {
        "picomatch": "^3 || ^4"
      },
      "peerDependenciesMeta": {
        "picomatch": {
          "optional": true
        }
      }
    },
    "node_modules/file-uri-to-path": {
      "version": "1.0.0",
      "resolved": "http://r.npm.sankuai.com/file-uri-to-path/download/file-uri-to-path-1.0.0.tgz",
      "integrity": "sha1-VTp7hEb/b2hDWcRF8eN6BdrMM90=",
      "license": "MIT"
    },
    "node_modules/fs-constants": {
      "version": "1.0.0",
      "resolved": "http://r.npm.sankuai.com/fs-constants/download/fs-constants-1.0.0.tgz",
      "integrity": "sha1-a+Dem+mYzhavivwkSXue6bfM2a0=",
      "license": "MIT"
    },
    "node_modules/github-from-package": {
      "version": "0.0.0",
      "resolved": "http://r.npm.sankuai.com/github-from-package/download/github-from-package-0.0.0.tgz",
      "integrity": "sha1-l/tdlr/eiXMxPyDoKI75oWf6ZM4=",
      "license": "MIT"
    },
    "node_modules/graceful-fs": {
      "version": "4.2.11",
      "resolved": "http://r.npm.sankuai.com/graceful-fs/download/graceful-fs-4.2.11.tgz",
      "integrity": "sha1-QYPk6L8Iu24Fu7L30uDI9xLKQOM=",
      "license": "ISC",
      "optional": true
    },
    "node_modules/https-proxy-agent": {
      "version": "7.0.6",
      "resolved": "http://r.npm.sankuai.com/https-proxy-agent/download/https-proxy-agent-7.0.6.tgz",
      "integrity": "sha1-2o3+rH2hMLBcK6S1nJts1mYRprk=",
      "license": "MIT",
      "dependencies": {
        "agent-base": "^7.1.2",
        "debug": "4"
      },
      "engines": {
        "node": ">= 14"
      }
    },
    "node_modules/ieee754": {
      "version": "1.2.1",
      "resolved": "http://r.npm.sankuai.com/ieee754/download/ieee754-1.2.1.tgz",
      "integrity": "sha1-jrehCmP/8l0VpXsAFYbRd9Gw01I=",
      "funding": [
        {
          "type": "github",
          "url": "https://github.com/sponsors/feross"
        },
        {
          "type": "patreon",
          "url": "https://www.patreon.com/feross"
        },
        {
          "type": "consulting",
          "url": "https://feross.org/support"
        }
      ],
      "license": "BSD-3-Clause"
    },
    "node_modules/inherits": {
      "version": "2.0.4",
      "resolved": "http://r.npm.sankuai.com/inherits/download/inherits-2.0.4.tgz",
      "integrity": "sha1-D6LGT5MpF8NDOg3tVTY6rjdBa3w=",
      "license": "ISC"
    },
    "node_modules/ini": {
      "version": "1.3.8",
      "resolved": "http://r.npm.sankuai.com/ini/download/ini-1.3.8.tgz",
      "integrity": "sha1-op2kJbSIBvNHZ6Tvzjlyaa8oQyw=",
      "license": "ISC"
    },
    "node_modules/is-unsafe": {
      "version": "2.0.0",
      "resolved": "http://r.npm.sankuai.com/is-unsafe/download/is-unsafe-2.0.0.tgz",
      "integrity": "sha1-wNzk4GdCZi3eJjYBYOQU6kh9ouk=",
      "funding": [
        {
          "type": "github",
          "url": "https://github.com/sponsors/NaturalIntelligence"
        }
      ],
      "license": "MIT"
    },
    "node_modules/isexe": {
      "version": "4.0.0",
      "resolved": "http://r.npm.sankuai.com/isexe/download/isexe-4.0.0.tgz",
      "integrity": "sha1-SPZXavjoehj+t5a37V4uWQO0Pco=",
      "license": "BlueOak-1.0.0",
      "optional": true,
      "engines": {
        "node": ">=20"
      }
    },
    "node_modules/mimic-response": {
      "version": "3.1.0",
      "resolved": "http://r.npm.sankuai.com/mimic-response/download/mimic-response-3.1.0.tgz",
      "integrity": "sha1-LR1Zr5wbEpgVrMwsRqAipc4fo8k=",
      "license": "MIT",
      "engines": {
        "node": ">=10"
      },
      "funding": {
        "url": "https://github.com/sponsors/sindresorhus"
      }
    },
    "node_modules/minimist": {
      "version": "1.2.8",
      "resolved": "http://r.npm.sankuai.com/minimist/download/minimist-1.2.8.tgz",
      "integrity": "sha1-waRk52kzAuCCoHXO4MBXdBrEdyw=",
      "license": "MIT",
      "funding": {
        "url": "https://github.com/sponsors/ljharb"
      }
    },
    "node_modules/minipass": {
      "version": "7.1.3",
      "resolved": "http://r.npm.sankuai.com/minipass/download/minipass-7.1.3.tgz",
      "integrity": "sha1-eTibTrG7LQA6m7qH1JLyvTe9xls=",
      "license": "BlueOak-1.0.0",
      "engines": {
        "node": ">=16 || 14 >=14.17"
      }
    },
    "node_modules/minizlib": {
      "version": "3.1.0",
      "resolved": "http://r.npm.sankuai.com/minizlib/download/minizlib-3.1.0.tgz",
      "integrity": "sha1-atdsOo8QInybUdHJrI4wsn9aJRw=",
      "license": "MIT",
      "dependencies": {
        "minipass": "^7.1.2"
      },
      "engines": {
        "node": ">= 18"
      }
    },
    "node_modules/mkdirp-classic": {
      "version": "0.5.3",
      "resolved": "http://r.npm.sankuai.com/mkdirp-classic/download/mkdirp-classic-0.5.3.tgz",
      "integrity": "sha1-+hDJEVzG2IZb4iG6R+6b7XhgERM=",
      "license": "MIT"
    },
    "node_modules/ms": {
      "version": "2.1.3",
      "resolved": "http://r.npm.sankuai.com/ms/download/ms-2.1.3.tgz",
      "integrity": "sha1-V0yBOM4dK1hh8LRFedut1gxmFbI=",
      "license": "MIT"
    },
    "node_modules/mute-stream": {
      "version": "2.0.0",
      "resolved": "http://r.npm.sankuai.com/mute-stream/download/mute-stream-2.0.0.tgz",
      "integrity": "sha1-pURvwMUStxyDxE2QjVx7e0xJOys=",
      "license": "ISC",
      "engines": {
        "node": "^18.17.0 || >=20.5.0"
      }
    },
    "node_modules/napi-build-utils": {
      "version": "2.0.0",
      "resolved": "http://r.npm.sankuai.com/napi-build-utils/download/napi-build-utils-2.0.0.tgz",
      "integrity": "sha1-E8IsAYf8/MzhRhhEE2NypH3cAn4=",
      "license": "MIT"
    },
    "node_modules/node-abi": {
      "version": "3.94.0",
      "resolved": "http://r.npm.sankuai.com/node-abi/download/node-abi-3.94.0.tgz",
      "integrity": "sha1-AHGB7Q0bVq6WcOpsCE0r+DU4QF8=",
      "license": "MIT",
      "dependencies": {
        "semver": "^7.3.5"
      },
      "engines": {
        "node": ">=10"
      }
    },
    "node_modules/node-addon-api": {
      "version": "8.9.1",
      "resolved": "http://r.npm.sankuai.com/node-addon-api/download/node-addon-api-8.9.1.tgz",
      "integrity": "sha1-9Ao8Dwh9dn57KWEXIVi62ztJaXw=",
      "license": "MIT",
      "engines": {
        "node": "^18 || ^20 || >= 21"
      }
    },
    "node_modules/node-gyp": {
      "version": "12.4.0",
      "resolved": "http://r.npm.sankuai.com/node-gyp/download/node-gyp-12.4.0.tgz",
      "integrity": "sha1-LQF7bqHKkpTbvudb5TNyj0klcCQ=",
      "license": "MIT",
      "optional": true,
      "dependencies": {
        "env-paths": "^2.2.0",
        "exponential-backoff": "^3.1.1",
        "graceful-fs": "^4.2.6",
        "nopt": "^9.0.0",
        "proc-log": "^6.0.0",
        "semver": "^7.3.5",
        "tar": "^7.5.4",
        "tinyglobby": "^0.2.12",
        "undici": "^6.25.0",
        "which": "^6.0.0"
      },
      "bin": {
        "node-gyp": "bin/node-gyp.js"
      },
      "engines": {
        "node": "^20.17.0 || >=22.9.0"
      }
    },
    "node_modules/nopt": {
      "version": "9.0.0",
      "resolved": "http://r.npm.sankuai.com/nopt/download/nopt-9.0.0.tgz",
      "integrity": "sha1-a/8INrKWTSRQi2tBtamknE9KH5Y=",
      "license": "ISC",
      "optional": true,
      "dependencies": {
        "abbrev": "^4.0.0"
      },
      "bin": {
        "nopt": "bin/nopt.js"
      },
      "engines": {
        "node": "^20.17.0 || >=22.9.0"
      }
    },
    "node_modules/once": {
      "version": "1.4.0",
      "resolved": "http://r.npm.sankuai.com/once/download/once-1.4.0.tgz",
      "integrity": "sha1-WDsap3WWHUsROsF9nFC6753Xa9E=",
      "license": "ISC",
      "dependencies": {
        "wrappy": "1"
      }
    },
    "node_modules/path-expression-matcher": {
      "version": "1.6.2",
      "resolved": "http://r.npm.sankuai.com/path-expression-matcher/download/path-expression-matcher-1.6.2.tgz",
      "integrity": "sha1-VnxzwHGX6dzvJOkO3NxXEFZZkWg=",
      "funding": [
        {
          "type": "github",
          "url": "https://github.com/sponsors/NaturalIntelligence"
        }
      ],
      "license": "MIT",
      "engines": {
        "node": ">=14.0.0"
      }
    },
    "node_modules/picomatch": {
      "version": "4.0.5",
      "resolved": "http://r.npm.sankuai.com/picomatch/download/picomatch-4.0.5.tgz",
      "integrity": "sha1-UepXoX2G9gX4EDlZX7xA7QalX6s=",
      "license": "MIT",
      "optional": true,
      "engines": {
        "node": ">=12"
      },
      "funding": {
        "url": "https://github.com/sponsors/jonschlinkert"
      }
    },
    "node_modules/prebuild-install": {
      "version": "7.1.3",
      "resolved": "http://r.npm.sankuai.com/prebuild-install/download/prebuild-install-7.1.3.tgz",
      "integrity": "sha1-1jCrrSsUdEPyCiEpF76uaLgJLuw=",
      "deprecated": "No longer maintained. Please contact the author of the relevant native addon; alternatives are available.",
      "license": "MIT",
      "dependencies": {
        "detect-libc": "^2.0.0",
        "expand-template": "^2.0.3",
        "github-from-package": "0.0.0",
        "minimist": "^1.2.3",
        "mkdirp-classic": "^0.5.3",
        "napi-build-utils": "^2.0.0",
        "node-abi": "^3.3.0",
        "pump": "^3.0.0",
        "rc": "^1.2.7",
        "simple-get": "^4.0.0",
        "tar-fs": "^2.0.0",
        "tunnel-agent": "^0.6.0"
      },
      "bin": {
        "prebuild-install": "bin.js"
      },
      "engines": {
        "node": ">=10"
      }
    },
    "node_modules/proc-log": {
      "version": "6.1.0",
      "resolved": "http://r.npm.sankuai.com/proc-log/download/proc-log-6.1.0.tgz",
      "integrity": "sha1-GFGUgqN9UZjiMRM6cBRKUPIfAhU=",
      "license": "ISC",
      "optional": true,
      "engines": {
        "node": "^20.17.0 || >=22.9.0"
      }
    },
    "node_modules/pump": {
      "version": "3.0.4",
      "resolved": "http://r.npm.sankuai.com/pump/download/pump-3.0.4.tgz",
      "integrity": "sha1-HzE0MFJ/qLkFYi69Iv4UROdXqzw=",
      "license": "MIT",
      "dependencies": {
        "end-of-stream": "^1.1.0",
        "once": "^1.3.1"
      }
    },
    "node_modules/rc": {
      "version": "1.2.8",
      "resolved": "http://r.npm.sankuai.com/rc/download/rc-1.2.8.tgz",
      "integrity": "sha1-zZJL9SAKB1uDwYjNa54hG3/A0+0=",
      "license": "(BSD-2-Clause OR MIT OR Apache-2.0)",
      "dependencies": {
        "deep-extend": "^0.6.0",
        "ini": "~1.3.0",
        "minimist": "^1.2.0",
        "strip-json-comments": "~2.0.1"
      },
      "bin": {
        "rc": "cli.js"
      }
    },
    "node_modules/read": {
      "version": "4.1.0",
      "resolved": "http://r.npm.sankuai.com/read/download/read-4.1.0.tgz",
      "integrity": "sha1-2XwlVrAJtHsWtbuCMR1HfMdQNUg=",
      "license": "ISC",
      "dependencies": {
        "mute-stream": "^2.0.0"
      },
      "engines": {
        "node": "^18.17.0 || >=20.5.0"
      }
    },
    "node_modules/readable-stream": {
      "version": "3.6.2",
      "resolved": "http://r.npm.sankuai.com/readable-stream/download/readable-stream-3.6.2.tgz",
      "integrity": "sha1-VqmzbqllwAxak+8x6xEaDxEFaWc=",
      "license": "MIT",
      "dependencies": {
        "inherits": "^2.0.3",
        "string_decoder": "^1.1.1",
        "util-deprecate": "^1.0.1"
      },
      "engines": {
        "node": ">= 6"
      }
    },
    "node_modules/safe-buffer": {
      "version": "5.2.1",
      "resolved": "http://r.npm.sankuai.com/safe-buffer/download/safe-buffer-5.2.1.tgz",
      "integrity": "sha1-Hq+fqb2x/dTsdfWPnNtOa3gn7sY=",
      "funding": [
        {
          "type": "github",
          "url": "https://github.com/sponsors/feross"
        },
        {
          "type": "patreon",
          "url": "https://www.patreon.com/feross"
        },
        {
          "type": "consulting",
          "url": "https://feross.org/support"
        }
      ],
      "license": "MIT"
    },
    "node_modules/sax": {
      "version": "1.6.1",
      "resolved": "http://r.npm.sankuai.com/sax/download/sax-1.6.1.tgz",
      "integrity": "sha1-TCPPYIwLaTq1S0tYiOks/pd7mEM=",
      "license": "BlueOak-1.0.0",
      "engines": {
        "node": ">=11.0.0"
      }
    },
    "node_modules/semver": {
      "version": "7.8.5",
      "resolved": "http://r.npm.sankuai.com/semver/download/semver-7.8.5.tgz",
      "integrity": "sha1-ObZGA33VDBT7RR5+TKxY7YuGP2k=",
      "license": "ISC",
      "bin": {
        "semver": "bin/semver.js"
      },
      "engines": {
        "node": ">=10"
      }
    },
    "node_modules/simple-concat": {
      "version": "1.0.1",
      "resolved": "http://r.npm.sankuai.com/simple-concat/download/simple-concat-1.0.1.tgz",
      "integrity": "sha1-9Gl2CCujXCJj8cirXt/ibEHJVS8=",
      "funding": [
        {
          "type": "github",
          "url": "https://github.com/sponsors/feross"
        },
        {
          "type": "patreon",
          "url": "https://www.patreon.com/feross"
        },
        {
          "type": "consulting",
          "url": "https://feross.org/support"
        }
      ],
      "license": "MIT"
    },
    "node_modules/simple-get": {
      "version": "4.0.1",
      "resolved": "http://r.npm.sankuai.com/simple-get/download/simple-get-4.0.1.tgz",
      "integrity": "sha1-SjnbVJKHyXnTUhEvoD/Zn9a8NUM=",
      "funding": [
        {
          "type": "github",
          "url": "https://github.com/sponsors/feross"
        },
        {
          "type": "patreon",
          "url": "https://www.patreon.com/feross"
        },
        {
          "type": "consulting",
          "url": "https://feross.org/support"
        }
      ],
      "license": "MIT",
      "dependencies": {
        "decompress-response": "^6.0.0",
        "once": "^1.3.1",
        "simple-concat": "^1.0.0"
      }
    },
    "node_modules/sqlite3": {
      "version": "6.0.1",
      "resolved": "http://r.npm.sankuai.com/sqlite3/download/sqlite3-6.0.1.tgz",
      "integrity": "sha1-wJVueDSTHEBrKDyHtmdxyEemq/w=",
      "hasInstallScript": true,
      "license": "BSD-3-Clause",
      "dependencies": {
        "bindings": "^1.5.0",
        "node-addon-api": "^8.0.0",
        "prebuild-install": "^7.1.3",
        "tar": "^7.5.10"
      },
      "engines": {
        "node": ">=20.17.0"
      },
      "optionalDependencies": {
        "node-gyp": "12.x"
      },
      "peerDependencies": {
        "node-gyp": "12.x"
      },
      "peerDependenciesMeta": {
        "node-gyp": {
          "optional": true
        }
      }
    },
    "node_modules/string_decoder": {
      "version": "1.3.0",
      "resolved": "http://r.npm.sankuai.com/string_decoder/download/string_decoder-1.3.0.tgz",
      "integrity": "sha1-QvEUWUpGzxqOMLCoT1bHjD7awh4=",
      "license": "MIT",
      "dependencies": {
        "safe-buffer": "~5.2.0"
      }
    },
    "node_modules/strip-json-comments": {
      "version": "2.0.1",
      "resolved": "http://r.npm.sankuai.com/strip-json-comments/download/strip-json-comments-2.0.1.tgz",
      "integrity": "sha1-PFMZQukIwml8DsNEhYwobHygpgo=",
      "license": "MIT",
      "engines": {
        "node": ">=0.10.0"
      }
    },
    "node_modules/strnum": {
      "version": "2.4.1",
      "resolved": "http://r.npm.sankuai.com/strnum/download/strnum-2.4.1.tgz",
      "integrity": "sha1-hUF/aDETut6g/n4XInZ2+In/flg=",
      "funding": [
        {
          "type": "github",
          "url": "https://github.com/sponsors/NaturalIntelligence"
        }
      ],
      "license": "MIT",
      "dependencies": {
        "anynum": "^1.0.1"
      }
    },
    "node_modules/tar": {
      "version": "7.5.22",
      "resolved": "http://r.npm.sankuai.com/tar/download/tar-7.5.22.tgz",
      "integrity": "sha1-ppb5mBNucUh9w/hpqFu6LGeXG6k=",
      "license": "BlueOak-1.0.0",
      "dependencies": {
        "@isaacs/fs-minipass": "^4.0.0",
        "chownr": "^3.0.0",
        "minipass": "^7.1.2",
        "minizlib": "^3.1.0",
        "yallist": "^5.0.0"
      },
      "engines": {
        "node": ">=18"
      }
    },
    "node_modules/tar-fs": {
      "version": "2.1.5",
      "resolved": "http://r.npm.sankuai.com/tar-fs/download/tar-fs-2.1.5.tgz",
      "integrity": "sha1-M+nClBPc4MWK2n/3fbTlowr//nA=",
      "license": "MIT",
      "dependencies": {
        "chownr": "^1.1.1",
        "mkdirp-classic": "^0.5.2",
        "pump": "^3.0.0",
        "tar-stream": "^2.1.4"
      }
    },
    "node_modules/tar-fs/node_modules/chownr": {
      "version": "1.1.4",
      "resolved": "http://r.npm.sankuai.com/chownr/download/chownr-1.1.4.tgz",
      "integrity": "sha1-b8nXtC0ypYNZYzdmbn0ICE2izGs=",
      "license": "ISC"
    },
    "node_modules/tar-stream": {
      "version": "2.2.0",
      "resolved": "http://r.npm.sankuai.com/tar-stream/download/tar-stream-2.2.0.tgz",
      "integrity": "sha1-rK2EwoQTawYNw/qmRHSqmuvXcoc=",
      "license": "MIT",
      "dependencies": {
        "bl": "^4.0.3",
        "end-of-stream": "^1.4.1",
        "fs-constants": "^1.0.0",
        "inherits": "^2.0.3",
        "readable-stream": "^3.1.1"
      },
      "engines": {
        "node": ">=6"
      }
    },
    "node_modules/tinyglobby": {
      "version": "0.2.17",
      "resolved": "http://r.npm.sankuai.com/tinyglobby/download/tinyglobby-0.2.17.tgz",
      "integrity": "sha1-ViqabJ6ys7Ej05cZ+a9btE/NdjE=",
      "license": "MIT",
      "optional": true,
      "dependencies": {
        "fdir": "^6.5.0",
        "picomatch": "^4.0.4"
      },
      "engines": {
        "node": ">=12.0.0"
      },
      "funding": {
        "url": "https://github.com/sponsors/SuperchupuDev"
      }
    },
    "node_modules/tunnel-agent": {
      "version": "0.6.0",
      "resolved": "http://r.npm.sankuai.com/tunnel-agent/download/tunnel-agent-0.6.0.tgz",
      "integrity": "sha1-J6XeoGs2sEoKmWZ3SykIaPD8QP0=",
      "license": "Apache-2.0",
      "dependencies": {
        "safe-buffer": "^5.0.1"
      },
      "engines": {
        "node": "*"
      }
    },
    "node_modules/undici": {
      "version": "6.28.0",
      "resolved": "http://r.npm.sankuai.com/undici/download/undici-6.28.0.tgz",
      "integrity": "sha1-nw44V0T+9QIdZZbFvM14P2EZPBw=",
      "license": "MIT",
      "optional": true,
      "engines": {
        "node": ">=18.17"
      }
    },
    "node_modules/util-deprecate": {
      "version": "1.0.2",
      "resolved": "http://r.npm.sankuai.com/util-deprecate/download/util-deprecate-1.0.2.tgz",
      "integrity": "sha1-RQ1Nyfpw3nMnYvvS1KKJgUGaDM8=",
      "license": "MIT"
    },
    "node_modules/which": {
      "version": "6.0.1",
      "resolved": "http://r.npm.sankuai.com/which/download/which-6.0.1.tgz",
      "integrity": "sha1-AhZCRDoZj7k7eEpWBnIcsYz8v84=",
      "license": "ISC",
      "optional": true,
      "dependencies": {
        "isexe": "^4.0.0"
      },
      "bin": {
        "node-which": "bin/which.js"
      },
      "engines": {
        "node": "^20.17.0 || >=22.9.0"
      }
    },
    "node_modules/wrappy": {
      "version": "1.0.2",
      "resolved": "http://r.npm.sankuai.com/wrappy/download/wrappy-1.0.2.tgz",
      "integrity": "sha1-tSQ9jz7BqjXxNkYFvA0QNuMKtp8=",
      "license": "ISC"
    },
    "node_modules/ws": {
      "version": "8.20.0",
      "resolved": "http://r.npm.sankuai.com/ws/download/ws-8.20.0.tgz",
      "integrity": "sha1-TNlTI1jrpgvIY6rRYj37BFpNSvg=",
      "license": "MIT",
      "engines": {
        "node": ">=10.0.0"
      },
      "peerDependencies": {
        "bufferutil": "^4.0.1",
        "utf-8-validate": ">=5.0.2"
      },
      "peerDependenciesMeta": {
        "bufferutil": {
          "optional": true
        },
        "utf-8-validate": {
          "optional": true
        }
      }
    },
    "node_modules/wscat": {
      "version": "6.1.0",
      "resolved": "http://r.npm.sankuai.com/wscat/download/wscat-6.1.0.tgz",
      "integrity": "sha1-CShTX2lFjwrJJoMR+gZpRgPbdnM=",
      "license": "MIT",
      "dependencies": {
        "commander": "^12.1.0",
        "https-proxy-agent": "^7.0.5",
        "read": "^4.0.0",
        "ws": "^8.0.0"
      },
      "bin": {
        "wscat": "bin/wscat"
      },
      "engines": {
        "node": ">=18"
      }
    },
    "node_modules/xml-naming": {
      "version": "0.3.0",
      "resolved": "http://r.npm.sankuai.com/xml-naming/download/xml-naming-0.3.0.tgz",
      "integrity": "sha1-RsHhi/4oWEeZgt0qzPNNFudJ7aI=",
      "funding": [
        {
          "type": "github",
          "url": "https://github.com/sponsors/NaturalIntelligence"
        }
      ],
      "license": "MIT",
      "engines": {
        "node": ">=16.0.0"
      }
    },
    "node_modules/xml2js": {
      "version": "0.6.2",
      "resolved": "http://r.npm.sankuai.com/xml2js/download/xml2js-0.6.2.tgz",
      "integrity": "sha1-3QtjAIOqCcFh4lpNCQHisqkptJk=",
      "license": "MIT",
      "dependencies": {
        "sax": ">=0.6.0",
        "xmlbuilder": "~11.0.0"
      },
      "engines": {
        "node": ">=4.0.0"
      }
    },
    "node_modules/xmlbuilder": {
      "version": "11.0.1",
      "resolved": "http://r.npm.sankuai.com/xmlbuilder/download/xmlbuilder-11.0.1.tgz",
      "integrity": "sha1-vpuuHIoEbnazESdyY0fQrXACvrM=",
      "license": "MIT",
      "engines": {
        "node": ">=4.0"
      }
    },
    "node_modules/yallist": {
      "version": "5.0.0",
      "resolved": "http://r.npm.sankuai.com/yallist/download/yallist-5.0.0.tgz",
      "integrity": "sha1-AOLeRDY57Q14/YfeDSdGn7z/tTM=",
      "license": "BlueOak-1.0.0",
      "engines": {
        "node": ">=18"
      }
    }
  }
}
